
Microsoft Visual Studio Solution File, Format Version 12.00
# Visual Studio Version 17
VisualStudioVersion = 17.10.34928.147
MinimumVisualStudioVersion = 10.0.40219.1
Project("{FAE04EC0-301F-11D3-BF4B-00C04F79EFBC}") = "ePizzaHub.core", "ePizzaHub.core\ePizzaHub.core.csproj", "{6EB7D0EA-DABE-49E9-AC40-A42BDA5CAF39}"
EndProject
Project("{FAE04EC0-301F-11D3-BF4B-00C04F79EFBC}") = "ePizzaHub.Repositories", "ePizzaHub.Repositories\ePizzaHub.Repositories.csproj", "{C146DB5F-865A-4E29-937B-CFEDF5CAA772}"
EndProject
Project("{FAE04EC0-301F-11D3-BF4B-00C04F79EFBC}") = "ePizzaHub.Services", "ePizzaHub.Services\ePizzaHub.Services.csproj", "{432CD162-7B82-4561-820D-2A809AC07CDF}"
EndProject
Project("{FAE04EC0-301F-11D3-BF4B-00C04F79EFBC}") = "ePizzaHub.Model", "ePizzaHub.Model\ePizzaHub.Model.csproj", "{D6572846-256D-4CC5-BACD-6988B6458776}"
EndProject
Project("{FAE04EC0-301F-11D3-BF4B-00C04F79EFBC}") = "ePizzaHub.UI", "ePizzaHub.UI\ePizzaHub.UI.csproj", "{B2C814D7-5BC9-483E-9345-1D3D9FC926E3}"
EndProject
Global
	GlobalSection(SolutionConfigurationPlatforms) = preSolution
		Debug|Any CPU = Debug|Any CPU
		Release|Any CPU = Release|Any CPU
	EndGlobalSection
	GlobalSection(ProjectConfigurationPlatforms) = postSolution
		{6EB7D0EA-DABE-49E9-AC40-A42BDA5CAF39}.Debug|Any CPU.ActiveCfg = Debug|Any CPU
		{6EB7D0EA-DABE-49E9-AC40-A42BDA5CAF39}.Debug|Any CPU.Build.0 = Debug|Any CPU
		{6EB7D0EA-DABE-49E9-AC40-A42BDA5CAF39}.Release|Any CPU.ActiveCfg = Release|Any CPU
		{6EB7D0EA-DABE-49E9-AC40-A42BDA5CAF39}.Release|Any CPU.Build.0 = Release|Any CPU
		{C146DB5F-865A-4E29-937B-CFEDF5CAA772}.Debug|Any CPU.ActiveCfg = Debug|Any CPU
		{C146DB5F-865A-4E29-937B-CFEDF5CAA772}.Debug|Any CPU.Build.0 = Debug|Any CPU
		{C146DB5F-865A-4E29-937B-CFEDF5CAA772}.Release|Any CPU.ActiveCfg = Release|Any CPU
		{C146DB5F-865A-4E29-937B-CFEDF5CAA772}.Release|Any CPU.Build.0 = Release|Any CPU
		{432CD162-7B82-4561-820D-2A809AC07CDF}.Debug|Any CPU.ActiveCfg = Debug|Any CPU
		{432CD162-7B82-4561-820D-2A809AC07CDF}.Debug|Any CPU.Build.0 = Debug|Any CPU
		{432CD162-7B82-4561-820D-2A809AC07CDF}.Release|Any CPU.ActiveCfg = Release|Any CPU
		{432CD162-7B82-4561-820D-2A809AC07CDF}.Release|Any CPU.Build.0 = Release|Any CPU
		{D6572846-256D-4CC5-BACD-6988B6458776}.Debug|Any CPU.ActiveCfg = Debug|Any CPU
		{D6572846-256D-4CC5-BACD-6988B6458776}.Debug|Any CPU.Build.0 = Debug|Any CPU
		{D6572846-256D-4CC5-BACD-6988B6458776}.Release|Any CPU.ActiveCfg = Release|Any CPU
		{D6572846-256D-4CC5-BACD-6988B6458776}.Release|Any CPU.Build.0 = Release|Any CPU
		{B2C814D7-5BC9-483E-9345-1D3D9FC926E3}.Debug|Any CPU.ActiveCfg = Debug|Any CPU
		{B2C814D7-5BC9-483E-9345-1D3D9FC926E3}.Debug|Any CPU.Build.0 = Debug|Any CPU
		{B2C814D7-5BC9-483E-9345-1D3D9FC926E3}.Release|Any CPU.ActiveCfg = Release|Any CPU
		{B2C814D7-5BC9-483E-9345-1D3D9FC926E3}.Release|Any CPU.Build.0 = Release|Any CPU
	EndGlobalSection
	GlobalSection(SolutionProperties) = preSolution
		HideSolutionNode = FALSE
	EndGlobalSection
	GlobalSection(ExtensibilityGlobals) = postSolution
		SolutionGuid = {388E3A42-9CBA-449B-AEA0-B690FB1375E9}
	EndGlobalSection
EndGlobal
